PODS:
  - SwiftLint (0.43.1)
  - Swin (1.1.0)
  - Swin/Tests (1.1.0)

DEPENDENCIES:
  - SwiftLint
  - Swin (from `../`)
  - Swin/Tests (from `../`)

SPEC REPOS:
  trunk:
    - SwiftLint

EXTERNAL SOURCES:
  Swin:
    :path: "../"

SPEC CHECKSUMS:
  SwiftLint: 99f82d07b837b942dd563c668de129a03fc3fb52
  Swin: 880c63e1a8f1559517ff1661acbdd1ead2fc2d1a

PODFILE CHECKSUM: b3059028f38bd9b62e15afcf1e0f93a03a2c1e67

COCOAPODS: 1.11.2
